
Microsoft Visual Studio Solution File, Format Version 12.00
# Visual Studio Version 16
VisualStudioVersion = 16.0.29806.167
MinimumVisualStudioVersion = 10.0.40219.1
Project("{FAE04EC0-301F-11D3-BF4B-00C04F79EFBC}") = "NotDefteri.UWP", "NotDefteri\NotDefteri.UWP\NotDefteri.UWP.csproj", "{58175ACE-E960-4FEB-927E-43F2EA19919D}"
EndProject
Project("{FAE04EC0-301F-11D3-BF4B-00C04F79EFBC}") = "NotDefteri.Android", "NotDefteri\NotDefteri.Android\NotDefteri.Android.csproj", "{BD49F626-F1EC-4A35-9BE3-08B918E2C1EF}"
EndProject
Project("{FAE04EC0-301F-11D3-BF4B-00C04F79EFBC}") = "NotDefteri.iOS", "NotDefteri\NotDefteri.iOS\NotDefteri.iOS.csproj", "{1CEA274B-E874-476A-805C-ED0B69E23454}"
EndProject
Project("{FAE04EC0-301F-11D3-BF4B-00C04F79EFBC}") = "NotDefteri", "NotDefteri\NotDefteri\NotDefteri.csproj", "{37D97011-0833-40F9-A19A-4BF54CEE52D2}"
EndProject
Global
	GlobalSection(SolutionConfigurationPlatforms) = preSolution
		Debug|Any CPU = Debug|Any CPU
		Debug|ARM = Debug|ARM
		Debug|iPhone = Debug|iPhone
		Debug|iPhoneSimulator = Debug|iPhoneSimulator
		Debug|x64 = Debug|x64
		Debug|x86 = Debug|x86
		Release|Any CPU = Release|Any CPU
		Release|ARM = Release|ARM
		Release|iPhone = Release|iPhone
		Release|iPhoneSimulator = Release|iPhoneSimulator
		Release|x64 = Release|x64
		Release|x86 = Release|x86
	EndGlobalSection
	GlobalSection(ProjectConfigurationPlatforms) = postSolution
		{58175ACE-E960-4FEB-927E-43F2EA19919D}.Debug|Any CPU.ActiveCfg = Debug|x86
		{58175ACE-E960-4FEB-927E-43F2EA19919D}.Debug|Any CPU.Build.0 = Debug|x86
		{58175ACE-E960-4FEB-927E-43F2EA19919D}.Debug|Any CPU.Deploy.0 = Debug|x86
		{58175ACE-E960-4FEB-927E-43F2EA19919D}.Debug|ARM.ActiveCfg = Debug|ARM
		{58175ACE-E960-4FEB-927E-43F2EA19919D}.Debug|ARM.Build.0 = Debug|ARM
		{58175ACE-E960-4FEB-927E-43F2EA19919D}.Debug|ARM.Deploy.0 = Debug|ARM
		{58175ACE-E960-4FEB-927E-43F2EA19919D}.Debug|iPhone.ActiveCfg = Debug|x86
		{58175ACE-E960-4FEB-927E-43F2EA19919D}.Debug|iPhone.Build.0 = Debug|x86
		{58175ACE-E960-4FEB-927E-43F2EA19919D}.Debug|iPhone.Deploy.0 = Debug|x86
		{58175ACE-E960-4FEB-927E-43F2EA19919D}.Debug|iPhoneSimulator.ActiveCfg = Debug|x86
		{58175ACE-E960-4FEB-927E-43F2EA19919D}.Debug|iPhoneSimulator.Build.0 = Debug|x86
		{58175ACE-E960-4FEB-927E-43F2EA19919D}.Debug|iPhoneSimulator.Deploy.0 = Debug|x86
		{58175ACE-E960-4FEB-927E-43F2EA19919D}.Debug|x64.ActiveCfg = Debug|x64
		{58175ACE-E960-4FEB-927E-43F2EA19919D}.Debug|x64.Build.0 = Debug|x64
		{58175ACE-E960-4FEB-927E-43F2EA19919D}.Debug|x64.Deploy.0 = Debug|x64
		{58175ACE-E960-4FEB-927E-43F2EA19919D}.Debug|x86.ActiveCfg = Debug|x86
		{58175ACE-E960-4FEB-927E-43F2EA19919D}.Debug|x86.Build.0 = Debug|x86
		{58175ACE-E960-4FEB-927E-43F2EA19919D}.Debug|x86.Deploy.0 = Debug|x86
		{58175ACE-E960-4FEB-927E-43F2EA19919D}.Release|Any CPU.ActiveCfg = Release|x86
		{58175ACE-E960-4FEB-927E-43F2EA19919D}.Release|Any CPU.Build.0 = Release|x86
		{58175ACE-E960-4FEB-927E-43F2EA19919D}.Release|Any CPU.Deploy.0 = Release|x86
		{58175ACE-E960-4FEB-927E-43F2EA19919D}.Release|ARM.ActiveCfg = Release|ARM
		{58175ACE-E960-4FEB-927E-43F2EA19919D}.Release|ARM.Build.0 = Release|ARM
		{58175ACE-E960-4FEB-927E-43F2EA19919D}.Release|ARM.Deploy.0 = Release|ARM
		{58175ACE-E960-4FEB-927E-43F2EA19919D}.Release|iPhone.ActiveCfg = Release|x86
		{58175ACE-E960-4FEB-927E-43F2EA19919D}.Release|iPhone.Build.0 = Release|x86
		{58175ACE-E960-4FEB-927E-43F2EA19919D}.Release|iPhone.Deploy.0 = Release|x86
		{58175ACE-E960-4FEB-927E-43F2EA19919D}.Release|iPhoneSimulator.ActiveCfg = Release|x86
		{58175ACE-E960-4FEB-927E-43F2EA19919D}.Release|iPhoneSimulator.Build.0 = Release|x86
		{58175ACE-E960-4FEB-927E-43F2EA19919D}.Release|iPhoneSimulator.Deploy.0 = Release|x86
		{58175ACE-E960-4FEB-927E-43F2EA19919D}.Release|x64.ActiveCfg = Release|x64
		{58175ACE-E960-4FEB-927E-43F2EA19919D}.Release|x64.Build.0 = Release|x64
		{58175ACE-E960-4FEB-927E-43F2EA19919D}.Release|x64.Deploy.0 = Release|x64
		{58175ACE-E960-4FEB-927E-43F2EA19919D}.Release|x86.ActiveCfg = Release|x86
		{58175ACE-E960-4FEB-927E-43F2EA19919D}.Release|x86.Build.0 = Release|x86
		{58175ACE-E960-4FEB-927E-43F2EA19919D}.Release|x86.Deploy.0 = Release|x86
		{BD49F626-F1EC-4A35-9BE3-08B918E2C1EF}.Debug|Any CPU.ActiveCfg = Debug|Any CPU
		{BD49F626-F1EC-4A35-9BE3-08B918E2C1EF}.Debug|Any CPU.Build.0 = Debug|Any CPU
		{BD49F626-F1EC-4A35-9BE3-08B918E2C1EF}.Debug|Any CPU.Deploy.0 = Debug|Any CPU
		{BD49F626-F1EC-4A35-9BE3-08B918E2C1EF}.Debug|ARM.ActiveCfg = Debug|Any CPU
		{BD49F626-F1EC-4A35-9BE3-08B918E2C1EF}.Debug|ARM.Build.0 = Debug|Any CPU
		{BD49F626-F1EC-4A35-9BE3-08B918E2C1EF}.Debug|ARM.Deploy.0 = Debug|Any CPU
		{BD49F626-F1EC-4A35-9BE3-08B918E2C1EF}.Debug|iPhone.ActiveCfg = Debug|Any CPU
		{BD49F626-F1EC-4A35-9BE3-08B918E2C1EF}.Debug|iPhone.Build.0 = Debug|Any CPU
		{BD49F626-F1EC-4A35-9BE3-08B918E2C1EF}.Debug|iPhone.Deploy.0 = Debug|Any CPU
		{BD49F626-F1EC-4A35-9BE3-08B918E2C1EF}.Debug|iPhoneSimulator.ActiveCfg = Debug|Any CPU
		{BD49F626-F1EC-4A35-9BE3-08B918E2C1EF}.Debug|iPhoneSimulator.Build.0 = Debug|Any CPU
		{BD49F626-F1EC-4A35-9BE3-08B918E2C1EF}.Debug|iPhoneSimulator.Deploy.0 = Debug|Any CPU
		{BD49F626-F1EC-4A35-9BE3-08B918E2C1EF}.Debug|x64.ActiveCfg = Debug|Any CPU
		{BD49F626-F1EC-4A35-9BE3-08B918E2C1EF}.Debug|x64.Build.0 = Debug|Any CPU
		{BD49F626-F1EC-4A35-9BE3-08B918E2C1EF}.Debug|x64.Deploy.0 = Debug|Any CPU
		{BD49F626-F1EC-4A35-9BE3-08B918E2C1EF}.Debug|x86.ActiveCfg = Debug|Any CPU
		{BD49F626-F1EC-4A35-9BE3-08B918E2C1EF}.Debug|x86.Build.0 = Debug|Any CPU
		{BD49F626-F1EC-4A35-9BE3-08B918E2C1EF}.Debug|x86.Deploy.0 = Debug|Any CPU
		{BD49F626-F1EC-4A35-9BE3-08B918E2C1EF}.Release|Any CPU.ActiveCfg = Release|Any CPU
		{BD49F626-F1EC-4A35-9BE3-08B918E2C1EF}.Release|Any CPU.Build.0 = Release|Any CPU
		{BD49F626-F1EC-4A35-9BE3-08B918E2C1EF}.Release|Any CPU.Deploy.0 = Release|Any CPU
		{BD49F626-F1EC-4A35-9BE3-08B918E2C1EF}.Release|ARM.ActiveCfg = Release|Any CPU
		{BD49F626-F1EC-4A35-9BE3-08B918E2C1EF}.Release|ARM.Build.0 = Release|Any CPU
		{BD49F626-F1EC-4A35-9BE3-08B918E2C1EF}.Release|ARM.Deploy.0 = Release|Any CPU
		{BD49F626-F1EC-4A35-9BE3-08B918E2C1EF}.Release|iPhone.ActiveCfg = Release|Any CPU
		{BD49F626-F1EC-4A35-9BE3-08B918E2C1EF}.Release|iPhone.Build.0 = Release|Any CPU
		{BD49F626-F1EC-4A35-9BE3-08B918E2C1EF}.Release|iPhone.Deploy.0 = Release|Any CPU
		{BD49F626-F1EC-4A35-9BE3-08B918E2C1EF}.Release|iPhoneSimulator.ActiveCfg = Release|Any CPU
		{BD49F626-F1EC-4A35-9BE3-08B918E2C1EF}.Release|iPhoneSimulator.Build.0 = Release|Any CPU
		{BD49F626-F1EC-4A35-9BE3-08B918E2C1EF}.Release|iPhoneSimulator.Deploy.0 = Release|Any CPU
		{BD49F626-F1EC-4A35-9BE3-08B918E2C1EF}.Release|x64.ActiveCfg = Release|Any CPU
		{BD49F626-F1EC-4A35-9BE3-08B918E2C1EF}.Release|x64.Build.0 = Release|Any CPU
		{BD49F626-F1EC-4A35-9BE3-08B918E2C1EF}.Release|x64.Deploy.0 = Release|Any CPU
		{BD49F626-F1EC-4A35-9BE3-08B918E2C1EF}.Release|x86.ActiveCfg = Release|Any CPU
		{BD49F626-F1EC-4A35-9BE3-08B918E2C1EF}.Release|x86.Build.0 = Release|Any CPU
		{BD49F626-F1EC-4A35-9BE3-08B918E2C1EF}.Release|x86.Deploy.0 = Release|Any CPU
		{1CEA274B-E874-476A-805C-ED0B69E23454}.Debug|Any CPU.ActiveCfg = Debug|iPhone
		{1CEA274B-E874-476A-805C-ED0B69E23454}.Debug|Any CPU.Build.0 = Debug|iPhone
		{1CEA274B-E874-476A-805C-ED0B69E23454}.Debug|Any CPU.Deploy.0 = Debug|iPhone
		{1CEA274B-E874-476A-805C-ED0B69E23454}.Debug|ARM.ActiveCfg = Debug|iPhoneSimulator
		{1CEA274B-E874-476A-805C-ED0B69E23454}.Debug|ARM.Build.0 = Debug|iPhoneSimulator
		{1CEA274B-E874-476A-805C-ED0B69E23454}.Debug|ARM.Deploy.0 = Debug|iPhoneSimulator
		{1CEA274B-E874-476A-805C-ED0B69E23454}.Debug|iPhone.ActiveCfg = Debug|iPhone
		{1CEA274B-E874-476A-805C-ED0B69E23454}.Debug|iPhone.Build.0 = Debug|iPhone
		{1CEA274B-E874-476A-805C-ED0B69E23454}.Debug|iPhone.Deploy.0 = Debug|iPhone
		{1CEA274B-E874-476A-805C-ED0B69E23454}.Debug|iPhoneSimulator.ActiveCfg = Debug|iPhoneSimulator
		{1CEA274B-E874-476A-805C-ED0B69E23454}.Debug|iPhoneSimulator.Build.0 = Debug|iPhoneSimulator
		{1CEA274B-E874-476A-805C-ED0B69E23454}.Debug|iPhoneSimulator.Deploy.0 = Debug|iPhoneSimulator
		{1CEA274B-E874-476A-805C-ED0B69E23454}.Debug|x64.ActiveCfg = Debug|iPhone
		{1CEA274B-E874-476A-805C-ED0B69E23454}.Debug|x64.Build.0 = Debug|iPhone
		{1CEA274B-E874-476A-805C-ED0B69E23454}.Debug|x64.Deploy.0 = Debug|iPhone
		{1CEA274B-E874-476A-805C-ED0B69E23454}.Debug|x86.ActiveCfg = Debug|iPhone
		{1CEA274B-E874-476A-805C-ED0B69E23454}.Debug|x86.Build.0 = Debug|iPhone
		{1CEA274B-E874-476A-805C-ED0B69E23454}.Debug|x86.Deploy.0 = Debug|iPhone
		{1CEA274B-E874-476A-805C-ED0B69E23454}.Release|Any CPU.ActiveCfg = Release|iPhone
		{1CEA274B-E874-476A-805C-ED0B69E23454}.Release|Any CPU.Build.0 = Release|iPhone
		{1CEA274B-E874-476A-805C-ED0B69E23454}.Release|Any CPU.Deploy.0 = Release|iPhone
		{1CEA274B-E874-476A-805C-ED0B69E23454}.Release|ARM.ActiveCfg = Release|iPhone
		{1CEA274B-E874-476A-805C-ED0B69E23454}.Release|ARM.Build.0 = Release|iPhone
		{1CEA274B-E874-476A-805C-ED0B69E23454}.Release|ARM.Deploy.0 = Release|iPhone
		{1CEA274B-E874-476A-805C-ED0B69E23454}.Release|iPhone.ActiveCfg = Release|iPhone
		{1CEA274B-E874-476A-805C-ED0B69E23454}.Release|iPhone.Build.0 = Release|iPhone
		{1CEA274B-E874-476A-805C-ED0B69E23454}.Release|iPhone.Deploy.0 = Release|iPhone
		{1CEA274B-E874-476A-805C-ED0B69E23454}.Release|iPhoneSimulator.ActiveCfg = Release|iPhoneSimulator
		{1CEA274B-E874-476A-805C-ED0B69E23454}.Release|iPhoneSimulator.Build.0 = Release|iPhoneSimulator
		{1CEA274B-E874-476A-805C-ED0B69E23454}.Release|iPhoneSimulator.Deploy.0 = Release|iPhoneSimulator
		{1CEA274B-E874-476A-805C-ED0B69E23454}.Release|x64.ActiveCfg = Release|iPhone
		{1CEA274B-E874-476A-805C-ED0B69E23454}.Release|x64.Build.0 = Release|iPhone
		{1CEA274B-E874-476A-805C-ED0B69E23454}.Release|x64.Deploy.0 = Release|iPhone
		{1CEA274B-E874-476A-805C-ED0B69E23454}.Release|x86.ActiveCfg = Release|iPhone
		{1CEA274B-E874-476A-805C-ED0B69E23454}.Release|x86.Build.0 = Release|iPhone
		{1CEA274B-E874-476A-805C-ED0B69E23454}.Release|x86.Deploy.0 = Release|iPhone
		{37D97011-0833-40F9-A19A-4BF54CEE52D2}.Debug|Any CPU.ActiveCfg = Debug|Any CPU
		{37D97011-0833-40F9-A19A-4BF54CEE52D2}.Debug|Any CPU.Build.0 = Debug|Any CPU
		{37D97011-0833-40F9-A19A-4BF54CEE52D2}.Debug|Any CPU.Deploy.0 = Debug|Any CPU
		{37D97011-0833-40F9-A19A-4BF54CEE52D2}.Debug|ARM.ActiveCfg = Debug|Any CPU
		{37D97011-0833-40F9-A19A-4BF54CEE52D2}.Debug|ARM.Build.0 = Debug|Any CPU
		{37D97011-0833-40F9-A19A-4BF54CEE52D2}.Debug|ARM.Deploy.0 = Debug|Any CPU
		{37D97011-0833-40F9-A19A-4BF54CEE52D2}.Debug|iPhone.ActiveCfg = Debug|Any CPU
		{37D97011-0833-40F9-A19A-4BF54CEE52D2}.Debug|iPhone.Build.0 = Debug|Any CPU
		{37D97011-0833-40F9-A19A-4BF54CEE52D2}.Debug|iPhone.Deploy.0 = Debug|Any CPU
		{37D97011-0833-40F9-A19A-4BF54CEE52D2}.Debug|iPhoneSimulator.ActiveCfg = Debug|Any CPU
		{37D97011-0833-40F9-A19A-4BF54CEE52D2}.Debug|iPhoneSimulator.Build.0 = Debug|Any CPU
		{37D97011-0833-40F9-A19A-4BF54CEE52D2}.Debug|iPhoneSimulator.Deploy.0 = Debug|Any CPU
		{37D97011-0833-40F9-A19A-4BF54CEE52D2}.Debug|x64.ActiveCfg = Debug|Any CPU
		{37D97011-0833-40F9-A19A-4BF54CEE52D2}.Debug|x64.Build.0 = Debug|Any CPU
		{37D97011-0833-40F9-A19A-4BF54CEE52D2}.Debug|x64.Deploy.0 = Debug|Any CPU
		{37D97011-0833-40F9-A19A-4BF54CEE52D2}.Debug|x86.ActiveCfg = Debug|Any CPU
		{37D97011-0833-40F9-A19A-4BF54CEE52D2}.Debug|x86.Build.0 = Debug|Any CPU
		{37D97011-0833-40F9-A19A-4BF54CEE52D2}.Debug|x86.Deploy.0 = Debug|Any CPU
		{37D97011-0833-40F9-A19A-4BF54CEE52D2}.Release|Any CPU.ActiveCfg = Release|Any CPU
		{37D97011-0833-40F9-A19A-4BF54CEE52D2}.Release|Any CPU.Build.0 = Release|Any CPU
		{37D97011-0833-40F9-A19A-4BF54CEE52D2}.Release|Any CPU.Deploy.0 = Release|Any CPU
		{37D97011-0833-40F9-A19A-4BF54CEE52D2}.Release|ARM.ActiveCfg = Release|Any CPU
		{37D97011-0833-40F9-A19A-4BF54CEE52D2}.Release|ARM.Build.0 = Release|Any CPU
		{37D97011-0833-40F9-A19A-4BF54CEE52D2}.Release|ARM.Deploy.0 = Release|Any CPU
		{37D97011-0833-40F9-A19A-4BF54CEE52D2}.Release|iPhone.ActiveCfg = Release|Any CPU
		{37D97011-0833-40F9-A19A-4BF54CEE52D2}.Release|iPhone.Build.0 = Release|Any CPU
		{37D97011-0833-40F9-A19A-4BF54CEE52D2}.Release|iPhone.Deploy.0 = Release|Any CPU
		{37D97011-0833-40F9-A19A-4BF54CEE52D2}.Release|iPhoneSimulator.ActiveCfg = Release|Any CPU
		{37D97011-0833-40F9-A19A-4BF54CEE52D2}.Release|iPhoneSimulator.Build.0 = Release|Any CPU
		{37D97011-0833-40F9-A19A-4BF54CEE52D2}.Release|iPhoneSimulator.Deploy.0 = Release|Any CPU
		{37D97011-0833-40F9-A19A-4BF54CEE52D2}.Release|x64.ActiveCfg = Release|Any CPU
		{37D97011-0833-40F9-A19A-4BF54CEE52D2}.Release|x64.Build.0 = Release|Any CPU
		{37D97011-0833-40F9-A19A-4BF54CEE52D2}.Release|x64.Deploy.0 = Release|Any CPU
		{37D97011-0833-40F9-A19A-4BF54CEE52D2}.Release|x86.ActiveCfg = Release|Any CPU
		{37D97011-0833-40F9-A19A-4BF54CEE52D2}.Release|x86.Build.0 = Release|Any CPU
		{37D97011-0833-40F9-A19A-4BF54CEE52D2}.Release|x86.Deploy.0 = Release|Any CPU
	EndGlobalSection
	GlobalSection(SolutionProperties) = preSolution
		HideSolutionNode = FALSE
	EndGlobalSection
	GlobalSection(ExtensibilityGlobals) = postSolution
		SolutionGuid = {5AC51526-6A42-45C6-BF2A-DA8A6CBA0589}
	EndGlobalSection
EndGlobal
